
Microsoft Visual Studio Solution File, Format Version 12.00
# Visual Studio Version 17
VisualStudioVersion = 17.5.33424.131
MinimumVisualStudioVersion = 10.0.40219.1
Project("{9A19103F-16F7-4668-BE54-9A1E7A4F7556}") = "ExpenseManager.MVC", "ExpenseManager.MVC\ExpenseManager.MVC.csproj", "{90AF9C25-A9A0-4C22-9957-7D46546BEF55}"
EndProject
Project("{9A19103F-16F7-4668-BE54-9A1E7A4F7556}") = "ExpenseManager.Domain", "ExpenseManager.Domain\ExpenseManager.Domain.csproj", "{789612CA-782B-4800-9159-92E4D1B9A126}"
EndProject
Project("{9A19103F-16F7-4668-BE54-9A1E7A4F7556}") = "ExpenseManager.Application", "ExpenseManager.Application\ExpenseManager.Application.csproj", "{6340433E-9FFE-4115-95B1-7CC13ABF8284}"
EndProject
Project("{9A19103F-16F7-4668-BE54-9A1E7A4F7556}") = "ExpenseManager.Infrastructure", "ExpenseManager.Infrastructure\ExpenseManager.Infrastructure.csproj", "{BBBF8EC7-405E-495B-84E4-E679DDD2A851}"
EndProject
Global
	GlobalSection(SolutionConfigurationPlatforms) = preSolution
		Debug|Any CPU = Debug|Any CPU
		Release|Any CPU = Release|Any CPU
	EndGlobalSection
	GlobalSection(ProjectConfigurationPlatforms) = postSolution
		{90AF9C25-A9A0-4C22-9957-7D46546BEF55}.Debug|Any CPU.ActiveCfg = Debug|Any CPU
		{90AF9C25-A9A0-4C22-9957-7D46546BEF55}.Debug|Any CPU.Build.0 = Debug|Any CPU
		{90AF9C25-A9A0-4C22-9957-7D46546BEF55}.Release|Any CPU.ActiveCfg = Release|Any CPU
		{90AF9C25-A9A0-4C22-9957-7D46546BEF55}.Release|Any CPU.Build.0 = Release|Any CPU
		{789612CA-782B-4800-9159-92E4D1B9A126}.Debug|Any CPU.ActiveCfg = Debug|Any CPU
		{789612CA-782B-4800-9159-92E4D1B9A126}.Debug|Any CPU.Build.0 = Debug|Any CPU
		{789612CA-782B-4800-9159-92E4D1B9A126}.Release|Any CPU.ActiveCfg = Release|Any CPU
		{789612CA-782B-4800-9159-92E4D1B9A126}.Release|Any CPU.Build.0 = Release|Any CPU
		{6340433E-9FFE-4115-95B1-7CC13ABF8284}.Debug|Any CPU.ActiveCfg = Debug|Any CPU
		{6340433E-9FFE-4115-95B1-7CC13ABF8284}.Debug|Any CPU.Build.0 = Debug|Any CPU
		{6340433E-9FFE-4115-95B1-7CC13ABF8284}.Release|Any CPU.ActiveCfg = Release|Any CPU
		{6340433E-9FFE-4115-95B1-7CC13ABF8284}.Release|Any CPU.Build.0 = Release|Any CPU
		{BBBF8EC7-405E-495B-84E4-E679DDD2A851}.Debug|Any CPU.ActiveCfg = Debug|Any CPU
		{BBBF8EC7-405E-495B-84E4-E679DDD2A851}.Debug|Any CPU.Build.0 = Debug|Any CPU
		{BBBF8EC7-405E-495B-84E4-E679DDD2A851}.Release|Any CPU.ActiveCfg = Release|Any CPU
		{BBBF8EC7-405E-495B-84E4-E679DDD2A851}.Release|Any CPU.Build.0 = Release|Any CPU
	EndGlobalSection
	GlobalSection(SolutionProperties) = preSolution
		HideSolutionNode = FALSE
	EndGlobalSection
	GlobalSection(ExtensibilityGlobals) = postSolution
		SolutionGuid = {64867A59-21C1-4F18-B28D-13366994935D}
	EndGlobalSection
EndGlobal
